{
  "name": "herdr-orchestrator",
  "version": "0.1.6",
  "lockfileVersion": 3,
  "requires": true,
  "packages": {
    "": {
      "name": "herdr-orchestrator",
      "version": "0.1.6",
      "license": "MIT",
      "bin": {
        "herdr-manager": "bin/herdr-orchestrator.mjs",
        "herdr-orchestrator": "bin/herdr-orchestrator.mjs"
      },
      "engines": {
        "node": ">=20"
      }
    }
  }
}
