{
  "name": "herdr-manager",
  "version": "0.1.2",
  "lockfileVersion": 3,
  "requires": true,
  "packages": {
    "": {
      "name": "herdr-manager",
      "version": "0.1.2",
      "license": "MIT",
      "dependencies": {
        "herdr-orchestrator": "0.1.7"
      },
      "bin": {
        "herdr-manager": "bin/herdr-manager.mjs"
      },
      "engines": {
        "node": ">=20"
      }
    },
    "node_modules/herdr-orchestrator": {
      "version": "0.1.7",
      "resolved": "https://registry.npmjs.org/herdr-orchestrator/-/herdr-orchestrator-0.1.7.tgz",
      "integrity": "sha512-RJ05QNXlnHh9Xc/7p6oPJoD+gCkHdOeKXI7FNsCGi9vTTk2WNGeNaNKMm8cP8DsM6ydEmQgE0mGDeE07vrregg==",
      "license": "MIT",
      "bin": {
        "herdr-manager": "bin/herdr-orchestrator.mjs",
        "herdr-orchestrator": "bin/herdr-orchestrator.mjs"
      },
      "engines": {
        "node": ">=20"
      }
    }
  }
}
