{
  "name": "herdr-manager",
  "version": "0.1.1",
  "lockfileVersion": 3,
  "requires": true,
  "packages": {
    "": {
      "name": "herdr-manager",
      "version": "0.1.1",
      "license": "MIT",
      "dependencies": {
        "herdr-orchestrator": "0.1.6"
      },
      "bin": {
        "herdr-manager": "bin/herdr-manager.mjs"
      },
      "engines": {
        "node": ">=20"
      }
    },
    "node_modules/herdr-orchestrator": {
      "version": "0.1.6",
      "resolved": "https://registry.npmjs.org/herdr-orchestrator/-/herdr-orchestrator-0.1.6.tgz",
      "integrity": "sha512-YL4xiZ34eOA2TOhcxHmzYhonURyKKq0Aw+lSy+bZPZN6SUBnse7jzcy7F9QrEqdLADs5YgDrln31wfIPyDaISA==",
      "license": "MIT",
      "bin": {
        "herdr-manager": "bin/herdr-orchestrator.mjs",
        "herdr-orchestrator": "bin/herdr-orchestrator.mjs"
      },
      "engines": {
        "node": ">=20"
      }
    }
  }
}
